
Microsoft Visual Studio Solution File, Format Version 12.00
# Visual Studio Version 16
VisualStudioVersion = 16.0.28803.352
MinimumVisualStudioVersion = 10.0.40219.1
Project("{FAE04EC0-301F-11D3-BF4B-00C04F79EFBC}") = "ConsoleDeTest", "ConsoleDeTest\ConsoleDeTest.csproj", "{20C3451D-8106-451A-A57B-AFC83D01299F}"
EndProject
Project("{FAE04EC0-301F-11D3-BF4B-00C04F79EFBC}") = "CloseToZero", "CloseToZero\CloseToZero.csproj", "{15A7EC75-CC84-4E0C-B037-4E472B8BAE5F}"
EndProject
Project("{FAE04EC0-301F-11D3-BF4B-00C04F79EFBC}") = "FizzBuzz", "FizzBuzz\FizzBuzz.csproj", "{2011795A-8A42-443B-B1EC-CCEDCBBF4190}"
EndProject
Global
	GlobalSection(SolutionConfigurationPlatforms) = preSolution
		Debug|Any CPU = Debug|Any CPU
		Release|Any CPU = Release|Any CPU
	EndGlobalSection
	GlobalSection(ProjectConfigurationPlatforms) = postSolution
		{20C3451D-8106-451A-A57B-AFC83D01299F}.Debug|Any CPU.ActiveCfg = Debug|Any CPU
		{20C3451D-8106-451A-A57B-AFC83D01299F}.Debug|Any CPU.Build.0 = Debug|Any CPU
		{20C3451D-8106-451A-A57B-AFC83D01299F}.Release|Any CPU.ActiveCfg = Release|Any CPU
		{20C3451D-8106-451A-A57B-AFC83D01299F}.Release|Any CPU.Build.0 = Release|Any CPU
		{15A7EC75-CC84-4E0C-B037-4E472B8BAE5F}.Debug|Any CPU.ActiveCfg = Debug|Any CPU
		{15A7EC75-CC84-4E0C-B037-4E472B8BAE5F}.Debug|Any CPU.Build.0 = Debug|Any CPU
		{15A7EC75-CC84-4E0C-B037-4E472B8BAE5F}.Release|Any CPU.ActiveCfg = Release|Any CPU
		{15A7EC75-CC84-4E0C-B037-4E472B8BAE5F}.Release|Any CPU.Build.0 = Release|Any CPU
		{2011795A-8A42-443B-B1EC-CCEDCBBF4190}.Debug|Any CPU.ActiveCfg = Debug|Any CPU
		{2011795A-8A42-443B-B1EC-CCEDCBBF4190}.Debug|Any CPU.Build.0 = Debug|Any CPU
		{2011795A-8A42-443B-B1EC-CCEDCBBF4190}.Release|Any CPU.ActiveCfg = Release|Any CPU
		{2011795A-8A42-443B-B1EC-CCEDCBBF4190}.Release|Any CPU.Build.0 = Release|Any CPU
	EndGlobalSection
	GlobalSection(SolutionProperties) = preSolution
		HideSolutionNode = FALSE
	EndGlobalSection
	GlobalSection(ExtensibilityGlobals) = postSolution
		SolutionGuid = {29D4579D-FE4F-420E-A1D9-8B338EEC3EC3}
	EndGlobalSection
EndGlobal
